
Microsoft Visual Studio Solution File, Format Version 12.00
# Visual Studio Version 17
VisualStudioVersion = 17.13.35806.99 d17.13
MinimumVisualStudioVersion = 10.0.40219.1
Project("{8BC9CEB8-8B4A-11D0-8D11-00A0C91BC942}") = "01. USD to BGN", "01. USD to BGN\01. USD to BGN.vcxproj", "{D134C2AB-8129-42C5-888E-87DFDFFA269B}"
EndProject
Project("{8BC9CEB8-8B4A-11D0-8D11-00A0C91BC942}") = "02.RadsToDegrees", "02.RadsToDegrees\02.RadsToDegrees.vcxproj", "{3F997F42-81CF-4CDE-8E8D-EC4AD377A0BE}"
EndProject
Global
	GlobalSection(SolutionConfigurationPlatforms) = preSolution
		Debug|x64 = Debug|x64
		Debug|x86 = Debug|x86
		Release|x64 = Release|x64
		Release|x86 = Release|x86
	EndGlobalSection
	GlobalSection(ProjectConfigurationPlatforms) = postSolution
		{D134C2AB-8129-42C5-888E-87DFDFFA269B}.Debug|x64.ActiveCfg = Debug|x64
		{D134C2AB-8129-42C5-888E-87DFDFFA269B}.Debug|x64.Build.0 = Debug|x64
		{D134C2AB-8129-42C5-888E-87DFDFFA269B}.Debug|x86.ActiveCfg = Debug|Win32
		{D134C2AB-8129-42C5-888E-87DFDFFA269B}.Debug|x86.Build.0 = Debug|Win32
		{D134C2AB-8129-42C5-888E-87DFDFFA269B}.Release|x64.ActiveCfg = Release|x64
		{D134C2AB-8129-42C5-888E-87DFDFFA269B}.Release|x64.Build.0 = Release|x64
		{D134C2AB-8129-42C5-888E-87DFDFFA269B}.Release|x86.ActiveCfg = Release|Win32
		{D134C2AB-8129-42C5-888E-87DFDFFA269B}.Release|x86.Build.0 = Release|Win32
		{3F997F42-81CF-4CDE-8E8D-EC4AD377A0BE}.Debug|x64.ActiveCfg = Debug|x64
		{3F997F42-81CF-4CDE-8E8D-EC4AD377A0BE}.Debug|x64.Build.0 = Debug|x64
		{3F997F42-81CF-4CDE-8E8D-EC4AD377A0BE}.Debug|x86.ActiveCfg = Debug|Win32
		{3F997F42-81CF-4CDE-8E8D-EC4AD377A0BE}.Debug|x86.Build.0 = Debug|Win32
		{3F997F42-81CF-4CDE-8E8D-EC4AD377A0BE}.Release|x64.ActiveCfg = Release|x64
		{3F997F42-81CF-4CDE-8E8D-EC4AD377A0BE}.Release|x64.Build.0 = Release|x64
		{3F997F42-81CF-4CDE-8E8D-EC4AD377A0BE}.Release|x86.ActiveCfg = Release|Win32
		{3F997F42-81CF-4CDE-8E8D-EC4AD377A0BE}.Release|x86.Build.0 = Release|Win32
	EndGlobalSection
	GlobalSection(SolutionProperties) = preSolution
		HideSolutionNode = FALSE
	EndGlobalSection
	GlobalSection(ExtensibilityGlobals) = postSolution
		SolutionGuid = {A1736AA4-77B1-456F-86A7-0D0873098658}
	EndGlobalSection
EndGlobal
