
Microsoft Visual Studio Solution File, Format Version 12.00
# Visual Studio Version 17
VisualStudioVersion = 17.5.33424.131
MinimumVisualStudioVersion = 10.0.40219.1
Project("{8BC9CEB8-8B4A-11D0-8D11-00A0C91BC942}") = "Task 2", "Task 2\Task 2.vcxproj", "{AADAE30C-9948-4425-AEF6-27D1420EDFC2}"
EndProject
Project("{8BC9CEB8-8B4A-11D0-8D11-00A0C91BC942}") = "Task 1", "Task 1\Task 1.vcxproj", "{17727316-0C3A-4CC8-B688-9B88373A55ED}"
EndProject
Global
	GlobalSection(SolutionConfigurationPlatforms) = preSolution
		Debug|x64 = Debug|x64
		Debug|x86 = Debug|x86
		Release|x64 = Release|x64
		Release|x86 = Release|x86
	EndGlobalSection
	GlobalSection(ProjectConfigurationPlatforms) = postSolution
		{AADAE30C-9948-4425-AEF6-27D1420EDFC2}.Debug|x64.ActiveCfg = Debug|x64
		{AADAE30C-9948-4425-AEF6-27D1420EDFC2}.Debug|x64.Build.0 = Debug|x64
		{AADAE30C-9948-4425-AEF6-27D1420EDFC2}.Debug|x86.ActiveCfg = Debug|Win32
		{AADAE30C-9948-4425-AEF6-27D1420EDFC2}.Debug|x86.Build.0 = Debug|Win32
		{AADAE30C-9948-4425-AEF6-27D1420EDFC2}.Release|x64.ActiveCfg = Release|x64
		{AADAE30C-9948-4425-AEF6-27D1420EDFC2}.Release|x64.Build.0 = Release|x64
		{AADAE30C-9948-4425-AEF6-27D1420EDFC2}.Release|x86.ActiveCfg = Release|Win32
		{AADAE30C-9948-4425-AEF6-27D1420EDFC2}.Release|x86.Build.0 = Release|Win32
		{17727316-0C3A-4CC8-B688-9B88373A55ED}.Debug|x64.ActiveCfg = Debug|x64
		{17727316-0C3A-4CC8-B688-9B88373A55ED}.Debug|x64.Build.0 = Debug|x64
		{17727316-0C3A-4CC8-B688-9B88373A55ED}.Debug|x86.ActiveCfg = Debug|Win32
		{17727316-0C3A-4CC8-B688-9B88373A55ED}.Debug|x86.Build.0 = Debug|Win32
		{17727316-0C3A-4CC8-B688-9B88373A55ED}.Release|x64.ActiveCfg = Release|x64
		{17727316-0C3A-4CC8-B688-9B88373A55ED}.Release|x64.Build.0 = Release|x64
		{17727316-0C3A-4CC8-B688-9B88373A55ED}.Release|x86.ActiveCfg = Release|Win32
		{17727316-0C3A-4CC8-B688-9B88373A55ED}.Release|x86.Build.0 = Release|Win32
	EndGlobalSection
	GlobalSection(SolutionProperties) = preSolution
		HideSolutionNode = FALSE
	EndGlobalSection
	GlobalSection(ExtensibilityGlobals) = postSolution
		SolutionGuid = {645B9551-0C06-49E8-B35C-E5F8FC22FA32}
	EndGlobalSection
EndGlobal
