
Microsoft Visual Studio Solution File, Format Version 12.00
# Visual Studio Version 17
VisualStudioVersion = 17.5.33424.131
MinimumVisualStudioVersion = 10.0.40219.1
Project("{8BC9CEB8-8B4A-11D0-8D11-00A0C91BC942}") = "Task 1", "Task 1\Task 1.vcxproj", "{AC706C09-3745-47EB-9854-6256062B10B0}"
EndProject
Project("{8BC9CEB8-8B4A-11D0-8D11-00A0C91BC942}") = "Task 2", "Task 2\Task 2.vcxproj", "{21D7A500-E3C0-469B-ACF9-0E52772042B9}"
EndProject
Global
	GlobalSection(SolutionConfigurationPlatforms) = preSolution
		Debug|x64 = Debug|x64
		Debug|x86 = Debug|x86
		Release|x64 = Release|x64
		Release|x86 = Release|x86
	EndGlobalSection
	GlobalSection(ProjectConfigurationPlatforms) = postSolution
		{AC706C09-3745-47EB-9854-6256062B10B0}.Debug|x64.ActiveCfg = Debug|x64
		{AC706C09-3745-47EB-9854-6256062B10B0}.Debug|x64.Build.0 = Debug|x64
		{AC706C09-3745-47EB-9854-6256062B10B0}.Debug|x86.ActiveCfg = Debug|Win32
		{AC706C09-3745-47EB-9854-6256062B10B0}.Debug|x86.Build.0 = Debug|Win32
		{AC706C09-3745-47EB-9854-6256062B10B0}.Release|x64.ActiveCfg = Release|x64
		{AC706C09-3745-47EB-9854-6256062B10B0}.Release|x64.Build.0 = Release|x64
		{AC706C09-3745-47EB-9854-6256062B10B0}.Release|x86.ActiveCfg = Release|Win32
		{AC706C09-3745-47EB-9854-6256062B10B0}.Release|x86.Build.0 = Release|Win32
		{21D7A500-E3C0-469B-ACF9-0E52772042B9}.Debug|x64.ActiveCfg = Debug|x64
		{21D7A500-E3C0-469B-ACF9-0E52772042B9}.Debug|x64.Build.0 = Debug|x64
		{21D7A500-E3C0-469B-ACF9-0E52772042B9}.Debug|x86.ActiveCfg = Debug|Win32
		{21D7A500-E3C0-469B-ACF9-0E52772042B9}.Debug|x86.Build.0 = Debug|Win32
		{21D7A500-E3C0-469B-ACF9-0E52772042B9}.Release|x64.ActiveCfg = Release|x64
		{21D7A500-E3C0-469B-ACF9-0E52772042B9}.Release|x64.Build.0 = Release|x64
		{21D7A500-E3C0-469B-ACF9-0E52772042B9}.Release|x86.ActiveCfg = Release|Win32
		{21D7A500-E3C0-469B-ACF9-0E52772042B9}.Release|x86.Build.0 = Release|Win32
	EndGlobalSection
	GlobalSection(SolutionProperties) = preSolution
		HideSolutionNode = FALSE
	EndGlobalSection
	GlobalSection(ExtensibilityGlobals) = postSolution
		SolutionGuid = {BECB4718-6D64-439A-953F-CE53E1DC3B17}
	EndGlobalSection
EndGlobal
