
Microsoft Visual Studio Solution File, Format Version 12.00
# Visual Studio Version 17
VisualStudioVersion = 17.13.35806.99
MinimumVisualStudioVersion = 10.0.40219.1
Project("{8BC9CEB8-8B4A-11D0-8D11-00A0C91BC942}") = "01.EvenAndOdd", "01.EvenAndOdd\01.EvenAndOdd.vcxproj", "{6513D4B1-6263-4508-A3CF-B177B3495D14}"
EndProject
Project("{8BC9CEB8-8B4A-11D0-8D11-00A0C91BC942}") = "02.MaxElement", "02.MaxElement\02.MaxElement.vcxproj", "{54736F22-F29F-4159-9117-8E2E15AB5005}"
EndProject
Project("{8BC9CEB8-8B4A-11D0-8D11-00A0C91BC942}") = "03.ReversedNumber", "03.ReversedNumber\03.ReversedNumber.vcxproj", "{59E4EFE4-F215-47A6-84E0-5975FF5FF17F}"
EndProject
Project("{8BC9CEB8-8B4A-11D0-8D11-00A0C91BC942}") = "04.SizeOfArray", "04.SizeOfArray\04.SizeOfArray.vcxproj", "{7E1B6256-36CB-478D-BB41-CE72BE5FF8C5}"
EndProject
Project("{8BC9CEB8-8B4A-11D0-8D11-00A0C91BC942}") = "05.CinIgnore", "05.CinIgnore\05.CinIgnore.vcxproj", "{C628AA5F-2B21-4A50-93DE-8FA9F00708AD}"
EndProject
Project("{8BC9CEB8-8B4A-11D0-8D11-00A0C91BC942}") = "06.Structures", "06.Structures\06.Structures.vcxproj", "{BD62BB04-3395-4A5C-9AFF-F7DAF4BE28F7}"
EndProject
Project("{8BC9CEB8-8B4A-11D0-8D11-00A0C91BC942}") = "07.NamedStruct", "07.NamedStruct\07.NamedStruct.vcxproj", "{B57B34DA-9306-4468-9A92-BD61F79AFFC5}"
EndProject
Project("{8BC9CEB8-8B4A-11D0-8D11-00A0C91BC942}") = "08.Enumerations", "08.Enumerations\08.Enumerations.vcxproj", "{BD50B3DD-CACF-4121-8124-4B98CE5807A9}"
EndProject
Project("{8BC9CEB8-8B4A-11D0-8D11-00A0C91BC942}") = "09.References", "09.References\09.References.vcxproj", "{D499235D-3A13-4027-9389-F8C5587F6037}"
EndProject
Project("{8BC9CEB8-8B4A-11D0-8D11-00A0C91BC942}") = "10.Pointers", "10.Pointers\10.Pointers.vcxproj", "{2E8CEB5B-BBFB-4450-B31A-95D5FD67A488}"
EndProject
Project("{8BC9CEB8-8B4A-11D0-8D11-00A0C91BC942}") = "11.Dereference", "11.Dereference\11.Dereference.vcxproj", "{4856D640-F7D7-4138-984C-68D094062B98}"
EndProject
Project("{8BC9CEB8-8B4A-11D0-8D11-00A0C91BC942}") = "12.ClassesAndObjects", "12.ClassesAndObjects\12.ClassesAndObjects.vcxproj", "{13452DF0-5B24-4D08-B875-7748DD20F38F}"
EndProject
Global
	GlobalSection(SolutionConfigurationPlatforms) = preSolution
		Debug|x64 = Debug|x64
		Debug|x86 = Debug|x86
		Release|x64 = Release|x64
		Release|x86 = Release|x86
	EndGlobalSection
	GlobalSection(ProjectConfigurationPlatforms) = postSolution
		{6513D4B1-6263-4508-A3CF-B177B3495D14}.Debug|x64.ActiveCfg = Debug|x64
		{6513D4B1-6263-4508-A3CF-B177B3495D14}.Debug|x64.Build.0 = Debug|x64
		{6513D4B1-6263-4508-A3CF-B177B3495D14}.Debug|x86.ActiveCfg = Debug|Win32
		{6513D4B1-6263-4508-A3CF-B177B3495D14}.Debug|x86.Build.0 = Debug|Win32
		{6513D4B1-6263-4508-A3CF-B177B3495D14}.Release|x64.ActiveCfg = Release|x64
		{6513D4B1-6263-4508-A3CF-B177B3495D14}.Release|x64.Build.0 = Release|x64
		{6513D4B1-6263-4508-A3CF-B177B3495D14}.Release|x86.ActiveCfg = Release|Win32
		{6513D4B1-6263-4508-A3CF-B177B3495D14}.Release|x86.Build.0 = Release|Win32
		{54736F22-F29F-4159-9117-8E2E15AB5005}.Debug|x64.ActiveCfg = Debug|x64
		{54736F22-F29F-4159-9117-8E2E15AB5005}.Debug|x64.Build.0 = Debug|x64
		{54736F22-F29F-4159-9117-8E2E15AB5005}.Debug|x86.ActiveCfg = Debug|Win32
		{54736F22-F29F-4159-9117-8E2E15AB5005}.Debug|x86.Build.0 = Debug|Win32
		{54736F22-F29F-4159-9117-8E2E15AB5005}.Release|x64.ActiveCfg = Release|x64
		{54736F22-F29F-4159-9117-8E2E15AB5005}.Release|x64.Build.0 = Release|x64
		{54736F22-F29F-4159-9117-8E2E15AB5005}.Release|x86.ActiveCfg = Release|Win32
		{54736F22-F29F-4159-9117-8E2E15AB5005}.Release|x86.Build.0 = Release|Win32
		{59E4EFE4-F215-47A6-84E0-5975FF5FF17F}.Debug|x64.ActiveCfg = Debug|x64
		{59E4EFE4-F215-47A6-84E0-5975FF5FF17F}.Debug|x64.Build.0 = Debug|x64
		{59E4EFE4-F215-47A6-84E0-5975FF5FF17F}.Debug|x86.ActiveCfg = Debug|Win32
		{59E4EFE4-F215-47A6-84E0-5975FF5FF17F}.Debug|x86.Build.0 = Debug|Win32
		{59E4EFE4-F215-47A6-84E0-5975FF5FF17F}.Release|x64.ActiveCfg = Release|x64
		{59E4EFE4-F215-47A6-84E0-5975FF5FF17F}.Release|x64.Build.0 = Release|x64
		{59E4EFE4-F215-47A6-84E0-5975FF5FF17F}.Release|x86.ActiveCfg = Release|Win32
		{59E4EFE4-F215-47A6-84E0-5975FF5FF17F}.Release|x86.Build.0 = Release|Win32
		{7E1B6256-36CB-478D-BB41-CE72BE5FF8C5}.Debug|x64.ActiveCfg = Debug|x64
		{7E1B6256-36CB-478D-BB41-CE72BE5FF8C5}.Debug|x64.Build.0 = Debug|x64
		{7E1B6256-36CB-478D-BB41-CE72BE5FF8C5}.Debug|x86.ActiveCfg = Debug|Win32
		{7E1B6256-36CB-478D-BB41-CE72BE5FF8C5}.Debug|x86.Build.0 = Debug|Win32
		{7E1B6256-36CB-478D-BB41-CE72BE5FF8C5}.Release|x64.ActiveCfg = Release|x64
		{7E1B6256-36CB-478D-BB41-CE72BE5FF8C5}.Release|x64.Build.0 = Release|x64
		{7E1B6256-36CB-478D-BB41-CE72BE5FF8C5}.Release|x86.ActiveCfg = Release|Win32
		{7E1B6256-36CB-478D-BB41-CE72BE5FF8C5}.Release|x86.Build.0 = Release|Win32
		{C628AA5F-2B21-4A50-93DE-8FA9F00708AD}.Debug|x64.ActiveCfg = Debug|x64
		{C628AA5F-2B21-4A50-93DE-8FA9F00708AD}.Debug|x64.Build.0 = Debug|x64
		{C628AA5F-2B21-4A50-93DE-8FA9F00708AD}.Debug|x86.ActiveCfg = Debug|Win32
		{C628AA5F-2B21-4A50-93DE-8FA9F00708AD}.Debug|x86.Build.0 = Debug|Win32
		{C628AA5F-2B21-4A50-93DE-8FA9F00708AD}.Release|x64.ActiveCfg = Release|x64
		{C628AA5F-2B21-4A50-93DE-8FA9F00708AD}.Release|x64.Build.0 = Release|x64
		{C628AA5F-2B21-4A50-93DE-8FA9F00708AD}.Release|x86.ActiveCfg = Release|Win32
		{C628AA5F-2B21-4A50-93DE-8FA9F00708AD}.Release|x86.Build.0 = Release|Win32
		{BD62BB04-3395-4A5C-9AFF-F7DAF4BE28F7}.Debug|x64.ActiveCfg = Debug|x64
		{BD62BB04-3395-4A5C-9AFF-F7DAF4BE28F7}.Debug|x64.Build.0 = Debug|x64
		{BD62BB04-3395-4A5C-9AFF-F7DAF4BE28F7}.Debug|x86.ActiveCfg = Debug|Win32
		{BD62BB04-3395-4A5C-9AFF-F7DAF4BE28F7}.Debug|x86.Build.0 = Debug|Win32
		{BD62BB04-3395-4A5C-9AFF-F7DAF4BE28F7}.Release|x64.ActiveCfg = Release|x64
		{BD62BB04-3395-4A5C-9AFF-F7DAF4BE28F7}.Release|x64.Build.0 = Release|x64
		{BD62BB04-3395-4A5C-9AFF-F7DAF4BE28F7}.Release|x86.ActiveCfg = Release|Win32
		{BD62BB04-3395-4A5C-9AFF-F7DAF4BE28F7}.Release|x86.Build.0 = Release|Win32
		{B57B34DA-9306-4468-9A92-BD61F79AFFC5}.Debug|x64.ActiveCfg = Debug|x64
		{B57B34DA-9306-4468-9A92-BD61F79AFFC5}.Debug|x64.Build.0 = Debug|x64
		{B57B34DA-9306-4468-9A92-BD61F79AFFC5}.Debug|x86.ActiveCfg = Debug|Win32
		{B57B34DA-9306-4468-9A92-BD61F79AFFC5}.Debug|x86.Build.0 = Debug|Win32
		{B57B34DA-9306-4468-9A92-BD61F79AFFC5}.Release|x64.ActiveCfg = Release|x64
		{B57B34DA-9306-4468-9A92-BD61F79AFFC5}.Release|x64.Build.0 = Release|x64
		{B57B34DA-9306-4468-9A92-BD61F79AFFC5}.Release|x86.ActiveCfg = Release|Win32
		{B57B34DA-9306-4468-9A92-BD61F79AFFC5}.Release|x86.Build.0 = Release|Win32
		{BD50B3DD-CACF-4121-8124-4B98CE5807A9}.Debug|x64.ActiveCfg = Debug|x64
		{BD50B3DD-CACF-4121-8124-4B98CE5807A9}.Debug|x64.Build.0 = Debug|x64
		{BD50B3DD-CACF-4121-8124-4B98CE5807A9}.Debug|x86.ActiveCfg = Debug|Win32
		{BD50B3DD-CACF-4121-8124-4B98CE5807A9}.Debug|x86.Build.0 = Debug|Win32
		{BD50B3DD-CACF-4121-8124-4B98CE5807A9}.Release|x64.ActiveCfg = Release|x64
		{BD50B3DD-CACF-4121-8124-4B98CE5807A9}.Release|x64.Build.0 = Release|x64
		{BD50B3DD-CACF-4121-8124-4B98CE5807A9}.Release|x86.ActiveCfg = Release|Win32
		{BD50B3DD-CACF-4121-8124-4B98CE5807A9}.Release|x86.Build.0 = Release|Win32
		{D499235D-3A13-4027-9389-F8C5587F6037}.Debug|x64.ActiveCfg = Debug|x64
		{D499235D-3A13-4027-9389-F8C5587F6037}.Debug|x64.Build.0 = Debug|x64
		{D499235D-3A13-4027-9389-F8C5587F6037}.Debug|x86.ActiveCfg = Debug|Win32
		{D499235D-3A13-4027-9389-F8C5587F6037}.Debug|x86.Build.0 = Debug|Win32
		{D499235D-3A13-4027-9389-F8C5587F6037}.Release|x64.ActiveCfg = Release|x64
		{D499235D-3A13-4027-9389-F8C5587F6037}.Release|x64.Build.0 = Release|x64
		{D499235D-3A13-4027-9389-F8C5587F6037}.Release|x86.ActiveCfg = Release|Win32
		{D499235D-3A13-4027-9389-F8C5587F6037}.Release|x86.Build.0 = Release|Win32
		{2E8CEB5B-BBFB-4450-B31A-95D5FD67A488}.Debug|x64.ActiveCfg = Debug|x64
		{2E8CEB5B-BBFB-4450-B31A-95D5FD67A488}.Debug|x64.Build.0 = Debug|x64
		{2E8CEB5B-BBFB-4450-B31A-95D5FD67A488}.Debug|x86.ActiveCfg = Debug|Win32
		{2E8CEB5B-BBFB-4450-B31A-95D5FD67A488}.Debug|x86.Build.0 = Debug|Win32
		{2E8CEB5B-BBFB-4450-B31A-95D5FD67A488}.Release|x64.ActiveCfg = Release|x64
		{2E8CEB5B-BBFB-4450-B31A-95D5FD67A488}.Release|x64.Build.0 = Release|x64
		{2E8CEB5B-BBFB-4450-B31A-95D5FD67A488}.Release|x86.ActiveCfg = Release|Win32
		{2E8CEB5B-BBFB-4450-B31A-95D5FD67A488}.Release|x86.Build.0 = Release|Win32
		{4856D640-F7D7-4138-984C-68D094062B98}.Debug|x64.ActiveCfg = Debug|x64
		{4856D640-F7D7-4138-984C-68D094062B98}.Debug|x64.Build.0 = Debug|x64
		{4856D640-F7D7-4138-984C-68D094062B98}.Debug|x86.ActiveCfg = Debug|Win32
		{4856D640-F7D7-4138-984C-68D094062B98}.Debug|x86.Build.0 = Debug|Win32
		{4856D640-F7D7-4138-984C-68D094062B98}.Release|x64.ActiveCfg = Release|x64
		{4856D640-F7D7-4138-984C-68D094062B98}.Release|x64.Build.0 = Release|x64
		{4856D640-F7D7-4138-984C-68D094062B98}.Release|x86.ActiveCfg = Release|Win32
		{4856D640-F7D7-4138-984C-68D094062B98}.Release|x86.Build.0 = Release|Win32
		{13452DF0-5B24-4D08-B875-7748DD20F38F}.Debug|x64.ActiveCfg = Debug|x64
		{13452DF0-5B24-4D08-B875-7748DD20F38F}.Debug|x64.Build.0 = Debug|x64
		{13452DF0-5B24-4D08-B875-7748DD20F38F}.Debug|x86.ActiveCfg = Debug|Win32
		{13452DF0-5B24-4D08-B875-7748DD20F38F}.Debug|x86.Build.0 = Debug|Win32
		{13452DF0-5B24-4D08-B875-7748DD20F38F}.Release|x64.ActiveCfg = Release|x64
		{13452DF0-5B24-4D08-B875-7748DD20F38F}.Release|x64.Build.0 = Release|x64
		{13452DF0-5B24-4D08-B875-7748DD20F38F}.Release|x86.ActiveCfg = Release|Win32
		{13452DF0-5B24-4D08-B875-7748DD20F38F}.Release|x86.Build.0 = Release|Win32
	EndGlobalSection
	GlobalSection(SolutionProperties) = preSolution
		HideSolutionNode = FALSE
	EndGlobalSection
	GlobalSection(ExtensibilityGlobals) = postSolution
		SolutionGuid = {715955B9-709B-4730-BDE7-6A674CCEB37B}
	EndGlobalSection
EndGlobal
